
Microsoft Visual Studio Solution File, Format Version 12.00
# Visual Studio Version 17
VisualStudioVersion = 17.4.33213.308
MinimumVisualStudioVersion = 10.0.40219.1
Project("{FAE04EC0-301F-11D3-BF4B-00C04F79EFBC}") = "Library Management", "Library Management\Library Management.csproj", "{A594AB4E-E7FB-4F2C-ACE0-80B864A525A5}"
EndProject
Global
	GlobalSection(SolutionConfigurationPlatforms) = preSolution
		Debug|Any CPU = Debug|Any CPU
		Release|Any CPU = Release|Any CPU
	EndGlobalSection
	GlobalSection(ProjectConfigurationPlatforms) = postSolution
		{A594AB4E-E7FB-4F2C-ACE0-80B864A525A5}.Debug|Any CPU.ActiveCfg = Debug|Any CPU
		{A594AB4E-E7FB-4F2C-ACE0-80B864A525A5}.Debug|Any CPU.Build.0 = Debug|Any CPU
		{A594AB4E-E7FB-4F2C-ACE0-80B864A525A5}.Release|Any CPU.ActiveCfg = Release|Any CPU
		{A594AB4E-E7FB-4F2C-ACE0-80B864A525A5}.Release|Any CPU.Build.0 = Release|Any CPU
	EndGlobalSection
	GlobalSection(SolutionProperties) = preSolution
		HideSolutionNode = FALSE
	EndGlobalSection
	GlobalSection(ExtensibilityGlobals) = postSolution
		SolutionGuid = {2FE00B6D-F0DC-4C6D-A425-05A8BC064819}
	EndGlobalSection
EndGlobal
